// !$*UTF8*$!
{
	archiveVersion = 1;
	classes = {
	};
	objectVersion = 56;
	objects = {

/* Begin PBXBuildFile section */
		478C64912AFB6A1E00944FEF /* AppDelegate.swift in Sources */ = {isa = PBXBuildFile; fileRef = 478C64902AFB6A1E00944FEF /* AppDelegate.swift */; };
		478C64932AFB6A1E00944FEF /* SceneDelegate.swift in Sources */ = {isa = PBXBuildFile; fileRef = 478C64922AFB6A1E00944FEF /* SceneDelegate.swift */; };
		478C64952AFB6A1E00944FEF /* RMTabController.swift in Sources */ = {isa = PBXBuildFile; fileRef = 478C64942AFB6A1E00944FEF /* RMTabController.swift */; };
		478C649A2AFB6A2300944FEF /* Assets.xcassets in Resources */ = {isa = PBXBuildFile; fileRef = 478C64992AFB6A2300944FEF /* Assets.xcassets */; };
		478C649D2AFB6A2300944FEF /* LaunchScreen.storyboard in Resources */ = {isa = PBXBuildFile; fileRef = 478C649B2AFB6A2300944FEF /* LaunchScreen.storyboard */; };
		478C64AC2AFB720E00944FEF /* RMLocation.swift in Sources */ = {isa = PBXBuildFile; fileRef = 478C64AB2AFB720E00944FEF /* RMLocation.swift */; };
		478C64AE2AFB723000944FEF /* RMCharacter.swift in Sources */ = {isa = PBXBuildFile; fileRef = 478C64AD2AFB723000944FEF /* RMCharacter.swift */; };
		478C64B02AFB724700944FEF /* RMEpisode.swift in Sources */ = {isa = PBXBuildFile; fileRef = 478C64AF2AFB724700944FEF /* RMEpisode.swift */; };
		478C64B32AFB766D00944FEF /* RMCharacterViewController.swift in Sources */ = {isa = PBXBuildFile; fileRef = 478C64B22AFB766D00944FEF /* RMCharacterViewController.swift */; };
		478C64B52AFB76F600944FEF /* RMLocationViewController.swift in Sources */ = {isa = PBXBuildFile; fileRef = 478C64B42AFB76F600944FEF /* RMLocationViewController.swift */; };
		478C64B72AFB770E00944FEF /* RMEpisodeViewController.swift in Sources */ = {isa = PBXBuildFile; fileRef = 478C64B62AFB770E00944FEF /* RMEpisodeViewController.swift */; };
		478C64B92AFB77AC00944FEF /* RMSettingsViewController.swift in Sources */ = {isa = PBXBuildFile; fileRef = 478C64B82AFB77AC00944FEF /* RMSettingsViewController.swift */; };
		478C64BB2AFB856500944FEF /* RMService.swift in Sources */ = {isa = PBXBuildFile; fileRef = 478C64BA2AFB856500944FEF /* RMService.swift */; };
		478C64BD2AFB91EF00944FEF /* RMRequest.swift in Sources */ = {isa = PBXBuildFile; fileRef = 478C64BC2AFB91EF00944FEF /* RMRequest.swift */; };
		478C64BF2AFB93F000944FEF /* RMEndpoint.swift in Sources */ = {isa = PBXBuildFile; fileRef = 478C64BE2AFB93F000944FEF /* RMEndpoint.swift */; };
		478C64C12AFBBB9000944FEF /* RMOrigin.swift in Sources */ = {isa = PBXBuildFile; fileRef = 478C64C02AFBBB9000944FEF /* RMOrigin.swift */; };
		478C64C32AFBBC5E00944FEF /* RMSingleLocation.swift in Sources */ = {isa = PBXBuildFile; fileRef = 478C64C22AFBBC5E00944FEF /* RMSingleLocation.swift */; };
		478C64C52AFBBDFF00944FEF /* RMCharacterStatus.swift in Sources */ = {isa = PBXBuildFile; fileRef = 478C64C42AFBBDFF00944FEF /* RMCharacterStatus.swift */; };
		478C64C72AFBBE6800944FEF /* RMCharacterGender.swift in Sources */ = {isa = PBXBuildFile; fileRef = 478C64C62AFBBE6800944FEF /* RMCharacterGender.swift */; };
/* End PBXBuildFile section */

/* Begin PBXFileReference section */
		478C648D2AFB6A1E00944FEF /* RickAndMorty.app */ = {isa = PBXFileReference; explicitFileType = wrapper.application; includeInIndex = 0; path = RickAndMorty.app; sourceTree = BUILT_PRODUCTS_DIR; };
		478C64902AFB6A1E00944FEF /* AppDelegate.swift */ = {isa = PBXFileReference; lastKnownFileType = sourcecode.swift; path = AppDelegate.swift; sourceTree = "<group>"; };
		478C64922AFB6A1E00944FEF /* SceneDelegate.swift */ = {isa = PBXFileReference; lastKnownFileType = sourcecode.swift; path = SceneDelegate.swift; sourceTree = "<group>"; };
		478C64942AFB6A1E00944FEF /* RMTabController.swift */ = {isa = PBXFileReference; lastKnownFileType = sourcecode.swift; path = RMTabController.swift; sourceTree = "<group>"; };
		478C64992AFB6A2300944FEF /* Assets.xcassets */ = {isa = PBXFileReference; lastKnownFileType = folder.assetcatalog; path = Assets.xcassets; sourceTree = "<group>"; };
		478C649C2AFB6A2300944FEF /* Base */ = {isa = PBXFileReference; lastKnownFileType = file.storyboard; name = Base; path = Base.lproj/LaunchScreen.storyboard; sourceTree = "<group>"; };
		478C649E2AFB6A2300944FEF /* Info.plist */ = {isa = PBXFileReference; lastKnownFileType = text.plist.xml; path = Info.plist; sourceTree = "<group>"; };
		478C64AB2AFB720E00944FEF /* RMLocation.swift */ = {isa = PBXFileReference; lastKnownFileType = sourcecode.swift; path = RMLocation.swift; sourceTree = "<group>"; };
		478C64AD2AFB723000944FEF /* RMCharacter.swift */ = {isa = PBXFileReference; lastKnownFileType = sourcecode.swift; path = RMCharacter.swift; sourceTree = "<group>"; };
		478C64AF2AFB724700944FEF /* RMEpisode.swift */ = {isa = PBXFileReference; lastKnownFileType = sourcecode.swift; path = RMEpisode.swift; sourceTree = "<group>"; };
		478C64B22AFB766D00944FEF /* RMCharacterViewController.swift */ = {isa = PBXFileReference; lastKnownFileType = sourcecode.swift; path = RMCharacterViewController.swift; sourceTree = "<group>"; };
		478C64B42AFB76F600944FEF /* RMLocationViewController.swift */ = {isa = PBXFileReference; lastKnownFileType = sourcecode.swift; path = RMLocationViewController.swift; sourceTree = "<group>"; };
		478C64B62AFB770E00944FEF /* RMEpisodeViewController.swift */ = {isa = PBXFileReference; lastKnownFileType = sourcecode.swift; path = RMEpisodeViewController.swift; sourceTree = "<group>"; };
		478C64B82AFB77AC00944FEF /* RMSettingsViewController.swift */ = {isa = PBXFileReference; lastKnownFileType = sourcecode.swift; path = RMSettingsViewController.swift; sourceTree = "<group>"; };
		478C64BA2AFB856500944FEF /* RMService.swift */ = {isa = PBXFileReference; lastKnownFileType = sourcecode.swift; path = RMService.swift; sourceTree = "<group>"; };
		478C64BC2AFB91EF00944FEF /* RMRequest.swift */ = {isa = PBXFileReference; lastKnownFileType = sourcecode.swift; path = RMRequest.swift; sourceTree = "<group>"; };
		478C64BE2AFB93F000944FEF /* RMEndpoint.swift */ = {isa = PBXFileReference; lastKnownFileType = sourcecode.swift; path = RMEndpoint.swift; sourceTree = "<group>"; };
		478C64C02AFBBB9000944FEF /* RMOrigin.swift */ = {isa = PBXFileReference; lastKnownFileType = sourcecode.swift; path = RMOrigin.swift; sourceTree = "<group>"; };
		478C64C22AFBBC5E00944FEF /* RMSingleLocation.swift */ = {isa = PBXFileReference; lastKnownFileType = sourcecode.swift; path = RMSingleLocation.swift; sourceTree = "<group>"; };
		478C64C42AFBBDFF00944FEF /* RMCharacterStatus.swift */ = {isa = PBXFileReference; lastKnownFileType = sourcecode.swift; path = RMCharacterStatus.swift; sourceTree = "<group>"; };
		478C64C62AFBBE6800944FEF /* RMCharacterGender.swift */ = {isa = PBXFileReference; lastKnownFileType = sourcecode.swift; path = RMCharacterGender.swift; sourceTree = "<group>"; };
/* End PBXFileReference section */

/* Begin PBXFrameworksBuildPhase section */
		478C648A2AFB6A1E00944FEF /* Frameworks */ = {
			isa = PBXFrameworksBuildPhase;
			buildActionMask = 2147483647;
			files = (
			);
			runOnlyForDeploymentPostprocessing = 0;
		};
/* End PBXFrameworksBuildPhase section */

/* Begin PBXGroup section */
		478C64842AFB6A1E00944FEF = {
			isa = PBXGroup;
			children = (
				478C648F2AFB6A1E00944FEF /* RickAndMorty */,
				478C648E2AFB6A1E00944FEF /* Products */,
			);
			sourceTree = "<group>";
		};
		478C648E2AFB6A1E00944FEF /* Products */ = {
			isa = PBXGroup;
			children = (
				478C648D2AFB6A1E00944FEF /* RickAndMorty.app */,
			);
			name = Products;
			sourceTree = "<group>";
		};
		478C648F2AFB6A1E00944FEF /* RickAndMorty */ = {
			isa = PBXGroup;
			children = (
				478C64AA2AFB6F7800944FEF /* Resources */,
				478C64A92AFB6F6800944FEF /* Managers */,
				478C64A82AFB6F4900944FEF /* APIClient */,
				478C64A72AFB6ED900944FEF /* ViewModels */,
				478C64A62AFB6ED300944FEF /* Views */,
				478C64A52AFB6EC400944FEF /* Models */,
				478C64A42AFB6EBB00944FEF /* Controllers */,
				478C649E2AFB6A2300944FEF /* Info.plist */,
			);
			path = RickAndMorty;
			sourceTree = "<group>";
		};
		478C64A42AFB6EBB00944FEF /* Controllers */ = {
			isa = PBXGroup;
			children = (
				478C64B12AFB760500944FEF /* Core */,
			);
			path = Controllers;
			sourceTree = "<group>";
		};
		478C64A52AFB6EC400944FEF /* Models */ = {
			isa = PBXGroup;
			children = (
				478C64AB2AFB720E00944FEF /* RMLocation.swift */,
				478C64C22AFBBC5E00944FEF /* RMSingleLocation.swift */,
				478C64AD2AFB723000944FEF /* RMCharacter.swift */,
				478C64AF2AFB724700944FEF /* RMEpisode.swift */,
				478C64C02AFBBB9000944FEF /* RMOrigin.swift */,
				478C64C42AFBBDFF00944FEF /* RMCharacterStatus.swift */,
				478C64C62AFBBE6800944FEF /* RMCharacterGender.swift */,
			);
			path = Models;
			sourceTree = "<group>";
		};
		478C64A62AFB6ED300944FEF /* Views */ = {
			isa = PBXGroup;
			children = (
			);
			path = Views;
			sourceTree = "<group>";
		};
		478C64A72AFB6ED900944FEF /* ViewModels */ = {
			isa = PBXGroup;
			children = (
			);
			path = ViewModels;
			sourceTree = "<group>";
		};
		478C64A82AFB6F4900944FEF /* APIClient */ = {
			isa = PBXGroup;
			children = (
				478C64BA2AFB856500944FEF /* RMService.swift */,
				478C64BC2AFB91EF00944FEF /* RMRequest.swift */,
				478C64BE2AFB93F000944FEF /* RMEndpoint.swift */,
			);
			path = APIClient;
			sourceTree = "<group>";
		};
		478C64A92AFB6F6800944FEF /* Managers */ = {
			isa = PBXGroup;
			children = (
			);
			path = Managers;
			sourceTree = "<group>";
		};
		478C64AA2AFB6F7800944FEF /* Resources */ = {
			isa = PBXGroup;
			children = (
				478C64992AFB6A2300944FEF /* Assets.xcassets */,
				478C649B2AFB6A2300944FEF /* LaunchScreen.storyboard */,
				478C64902AFB6A1E00944FEF /* AppDelegate.swift */,
				478C64922AFB6A1E00944FEF /* SceneDelegate.swift */,
			);
			path = Resources;
			sourceTree = "<group>";
		};
		478C64B12AFB760500944FEF /* Core */ = {
			isa = PBXGroup;
			children = (
				478C64942AFB6A1E00944FEF /* RMTabController.swift */,
				478C64B22AFB766D00944FEF /* RMCharacterViewController.swift */,
				478C64B42AFB76F600944FEF /* RMLocationViewController.swift */,
				478C64B62AFB770E00944FEF /* RMEpisodeViewController.swift */,
				478C64B82AFB77AC00944FEF /* RMSettingsViewController.swift */,
			);
			path = Core;
			sourceTree = "<group>";
		};
/* End PBXGroup section */

/* Begin PBXNativeTarget section */
		478C648C2AFB6A1E00944FEF /* RickAndMorty */ = {
			isa = PBXNativeTarget;
			buildConfigurationList = 478C64A12AFB6A2300944FEF /* Build configuration list for PBXNativeTarget "RickAndMorty" */;
			buildPhases = (
				478C64892AFB6A1E00944FEF /* Sources */,
				478C648A2AFB6A1E00944FEF /* Frameworks */,
				478C648B2AFB6A1E00944FEF /* Resources */,
			);
			buildRules = (
			);
			dependencies = (
			);
			name = RickAndMorty;
			productName = RickAndMorty;
			productReference = 478C648D2AFB6A1E00944FEF /* RickAndMorty.app */;
			productType = "com.apple.product-type.application";
		};
/* End PBXNativeTarget section */

/* Begin PBXProject section */
		478C64852AFB6A1E00944FEF /* Project object */ = {
			isa = PBXProject;
			attributes = {
				BuildIndependentTargetsInParallel = 1;
				LastSwiftUpdateCheck = 1430;
				LastUpgradeCheck = 1430;
				TargetAttributes = {
					478C648C2AFB6A1E00944FEF = {
						CreatedOnToolsVersion = 14.3;
					};
				};
			};
			buildConfigurationList = 478C64882AFB6A1E00944FEF /* Build configuration list for PBXProject "RickAndMorty" */;
			compatibilityVersion = "Xcode 14.0";
			developmentRegion = en;
			hasScannedForEncodings = 0;
			knownRegions = (
				en,
				Base,
			);
			mainGroup = 478C64842AFB6A1E00944FEF;
			productRefGroup = 478C648E2AFB6A1E00944FEF /* Products */;
			projectDirPath = "";
			projectRoot = "";
			targets = (
				478C648C2AFB6A1E00944FEF /* RickAndMorty */,
			);
		};
/* End PBXProject section */

/* Begin PBXResourcesBuildPhase section */
		478C648B2AFB6A1E00944FEF /* Resources */ = {
			isa = PBXResourcesBuildPhase;
			buildActionMask = 2147483647;
			files = (
				478C649D2AFB6A2300944FEF /* LaunchScreen.storyboard in Resources */,
				478C649A2AFB6A2300944FEF /* Assets.xcassets in Resources */,
			);
			runOnlyForDeploymentPostprocessing = 0;
		};
/* End PBXResourcesBuildPhase section */

/* Begin PBXSourcesBuildPhase section */
		478C64892AFB6A1E00944FEF /* Sources */ = {
			isa = PBXSourcesBuildPhase;
			buildActionMask = 2147483647;
			files = (
				478C64C32AFBBC5E00944FEF /* RMSingleLocation.swift in Sources */,
				478C64C12AFBBB9000944FEF /* RMOrigin.swift in Sources */,
				478C64C52AFBBDFF00944FEF /* RMCharacterStatus.swift in Sources */,
				478C64C72AFBBE6800944FEF /* RMCharacterGender.swift in Sources */,
				478C64B52AFB76F600944FEF /* RMLocationViewController.swift in Sources */,
				478C64B02AFB724700944FEF /* RMEpisode.swift in Sources */,
				478C64952AFB6A1E00944FEF /* RMTabController.swift in Sources */,
				478C64B72AFB770E00944FEF /* RMEpisodeViewController.swift in Sources */,
				478C64912AFB6A1E00944FEF /* AppDelegate.swift in Sources */,
				478C64932AFB6A1E00944FEF /* SceneDelegate.swift in Sources */,
				478C64B92AFB77AC00944FEF /* RMSettingsViewController.swift in Sources */,
				478C64BB2AFB856500944FEF /* RMService.swift in Sources */,
				478C64AC2AFB720E00944FEF /* RMLocation.swift in Sources */,
				478C64BF2AFB93F000944FEF /* RMEndpoint.swift in Sources */,
				478C64AE2AFB723000944FEF /* RMCharacter.swift in Sources */,
				478C64BD2AFB91EF00944FEF /* RMRequest.swift in Sources */,
				478C64B32AFB766D00944FEF /* RMCharacterViewController.swift in Sources */,
			);
			runOnlyForDeploymentPostprocessing = 0;
		};
/* End PBXSourcesBuildPhase section */

/* Begin PBXVariantGroup section */
		478C649B2AFB6A2300944FEF /* LaunchScreen.storyboard */ = {
			isa = PBXVariantGroup;
			children = (
				478C649C2AFB6A2300944FEF /* Base */,
			);
			name = LaunchScreen.storyboard;
			sourceTree = "<group>";
		};
/* End PBXVariantGroup section */

/* Begin XCBuildConfiguration section */
		478C649F2AFB6A2300944FEF /* Debug */ = {
			isa = XCBuildConfiguration;
			buildSettings = {
				ALWAYS_SEARCH_USER_PATHS = NO;
				CLANG_ANALYZER_NONNULL = YES;
				CLANG_ANALYZER_NUMBER_OBJECT_CONVERSION = YES_AGGRESSIVE;
				CLANG_CXX_LANGUAGE_STANDARD = "gnu++20";
				CLANG_ENABLE_MODULES = YES;
				CLANG_ENABLE_OBJC_ARC = YES;
				CLANG_ENABLE_OBJC_WEAK = YES;
				CLANG_WARN_BLOCK_CAPTURE_AUTORELEASING = YES;
				CLANG_WARN_BOOL_CONVERSION = YES;
				CLANG_WARN_COMMA = YES;
				CLANG_WARN_CONSTANT_CONVERSION = YES;
				CLANG_WARN_DEPRECATED_OBJC_IMPLEMENTATIONS = YES;
				CLANG_WARN_DIRECT_OBJC_ISA_USAGE = YES_ERROR;
				CLANG_WARN_DOCUMENTATION_COMMENTS = YES;
				CLANG_WARN_EMPTY_BODY = YES;
				CLANG_WARN_ENUM_CONVERSION = YES;
				CLANG_WARN_INFINITE_RECURSION = YES;
				CLANG_WARN_INT_CONVERSION = YES;
				CLANG_WARN_NON_LITERAL_NULL_CONVERSION = YES;
				CLANG_WARN_OBJC_IMPLICIT_RETAIN_SELF = YES;
				CLANG_WARN_OBJC_LITERAL_CONVERSION = YES;
				CLANG_WARN_OBJC_ROOT_CLASS = YES_ERROR;
				CLANG_WARN_QUOTED_INCLUDE_IN_FRAMEWORK_HEADER = YES;
				CLANG_WARN_RANGE_LOOP_ANALYSIS = YES;
				CLANG_WARN_STRICT_PROTOTYPES = YES;
				CLANG_WARN_SUSPICIOUS_MOVE = YES;
				CLANG_WARN_UNGUARDED_AVAILABILITY = YES_AGGRESSIVE;
				CLANG_WARN_UNREACHABLE_CODE = YES;
				CLANG_WARN__DUPLICATE_METHOD_MATCH = YES;
				COPY_PHASE_STRIP = NO;
				DEBUG_INFORMATION_FORMAT = dwarf;
				ENABLE_STRICT_OBJC_MSGSEND = YES;
				ENABLE_TESTABILITY = YES;
				GCC_C_LANGUAGE_STANDARD = gnu11;
				GCC_DYNAMIC_NO_PIC = NO;
				GCC_NO_COMMON_BLOCKS = YES;
				GCC_OPTIMIZATION_LEVEL = 0;
				GCC_PREPROCESSOR_DEFINITIONS = (
					"DEBUG=1",
					"$(inherited)",
				);
				GCC_WARN_64_TO_32_BIT_CONVERSION = YES;
				GCC_WARN_ABOUT_RETURN_TYPE = YES_ERROR;
				GCC_WARN_UNDECLARED_SELECTOR = YES;
				GCC_WARN_UNINITIALIZED_AUTOS = YES_AGGRESSIVE;
				GCC_WARN_UNUSED_FUNCTION = YES;
				GCC_WARN_UNUSED_VARIABLE = YES;
				IPHONEOS_DEPLOYMENT_TARGET = 16.4;
				MTL_ENABLE_DEBUG_INFO = INCLUDE_SOURCE;
				MTL_FAST_MATH = YES;
				ONLY_ACTIVE_ARCH = YES;
				SDKROOT = iphoneos;
				SWIFT_ACTIVE_COMPILATION_CONDITIONS = DEBUG;
				SWIFT_OPTIMIZATION_LEVEL = "-Onone";
			};
			name = Debug;
		};
		478C64A02AFB6A2300944FEF /* Release */ = {
			isa = XCBuildConfiguration;
			buildSettings = {
				ALWAYS_SEARCH_USER_PATHS = NO;
				CLANG_ANALYZER_NONNULL = YES;
				CLANG_ANALYZER_NUMBER_OBJECT_CONVERSION = YES_AGGRESSIVE;
				CLANG_CXX_LANGUAGE_STANDARD = "gnu++20";
				CLANG_ENABLE_MODULES = YES;
				CLANG_ENABLE_OBJC_ARC = YES;
				CLANG_ENABLE_OBJC_WEAK = YES;
				CLANG_WARN_BLOCK_CAPTURE_AUTORELEASING = YES;
				CLANG_WARN_BOOL_CONVERSION = YES;
				CLANG_WARN_COMMA = YES;
				CLANG_WARN_CONSTANT_CONVERSION = YES;
				CLANG_WARN_DEPRECATED_OBJC_IMPLEMENTATIONS = YES;
				CLANG_WARN_DIRECT_OBJC_ISA_USAGE = YES_ERROR;
				CLANG_WARN_DOCUMENTATION_COMMENTS = YES;
				CLANG_WARN_EMPTY_BODY = YES;
				CLANG_WARN_ENUM_CONVERSION = YES;
				CLANG_WARN_INFINITE_RECURSION = YES;
				CLANG_WARN_INT_CONVERSION = YES;
				CLANG_WARN_NON_LITERAL_NULL_CONVERSION = YES;
				CLANG_WARN_OBJC_IMPLICIT_RETAIN_SELF = YES;
				CLANG_WARN_OBJC_LITERAL_CONVERSION = YES;
				CLANG_WARN_OBJC_ROOT_CLASS = YES_ERROR;
				CLANG_WARN_QUOTED_INCLUDE_IN_FRAMEWORK_HEADER = YES;
				CLANG_WARN_RANGE_LOOP_ANALYSIS = YES;
				CLANG_WARN_STRICT_PROTOTYPES = YES;
				CLANG_WARN_SUSPICIOUS_MOVE = YES;
				CLANG_WARN_UNGUARDED_AVAILABILITY = YES_AGGRESSIVE;
				CLANG_WARN_UNREACHABLE_CODE = YES;
				CLANG_WARN__DUPLICATE_METHOD_MATCH = YES;
				COPY_PHASE_STRIP = NO;
				DEBUG_INFORMATION_FORMAT = "dwarf-with-dsym";
				ENABLE_NS_ASSERTIONS = NO;
				ENABLE_STRICT_OBJC_MSGSEND = YES;
				GCC_C_LANGUAGE_STANDARD = gnu11;
				GCC_NO_COMMON_BLOCKS = YES;
				GCC_WARN_64_TO_32_BIT_CONVERSION = YES;
				GCC_WARN_ABOUT_RETURN_TYPE = YES_ERROR;
				GCC_WARN_UNDECLARED_SELECTOR = YES;
				GCC_WARN_UNINITIALIZED_AUTOS = YES_AGGRESSIVE;
				GCC_WARN_UNUSED_FUNCTION = YES;
				GCC_WARN_UNUSED_VARIABLE = YES;
				IPHONEOS_DEPLOYMENT_TARGET = 16.4;
				MTL_ENABLE_DEBUG_INFO = NO;
				MTL_FAST_MATH = YES;
				SDKROOT = iphoneos;
				SWIFT_COMPILATION_MODE = wholemodule;
				SWIFT_OPTIMIZATION_LEVEL = "-O";
				VALIDATE_PRODUCT = YES;
			};
			name = Release;
		};
		478C64A22AFB6A2300944FEF /* Debug */ = {
			isa = XCBuildConfiguration;
			buildSettings = {
				ASSETCATALOG_COMPILER_APPICON_NAME = AppIcon;
				ASSETCATALOG_COMPILER_GLOBAL_ACCENT_COLOR_NAME = AccentColor;
				CODE_SIGN_STYLE = Automatic;
				CURRENT_PROJECT_VERSION = 1;
				DEVELOPMENT_TEAM = 7V6GC93G8X;
				GENERATE_INFOPLIST_FILE = YES;
				INFOPLIST_FILE = RickAndMorty/Info.plist;
				INFOPLIST_KEY_UIApplicationSupportsIndirectInputEvents = YES;
				INFOPLIST_KEY_UILaunchStoryboardName = LaunchScreen;
				INFOPLIST_KEY_UISupportedInterfaceOrientations_iPad = "UIInterfaceOrientationPortrait UIInterfaceOrientationPortraitUpsideDown UIInterfaceOrientationLandscapeLeft UIInterfaceOrientationLandscapeRight";
				INFOPLIST_KEY_UISupportedInterfaceOrientations_iPhone = "UIInterfaceOrientationPortrait UIInterfaceOrientationLandscapeLeft UIInterfaceOrientationLandscapeRight";
				LD_RUNPATH_SEARCH_PATHS = (
					"$(inherited)",
					"@executable_path/Frameworks",
				);
				MARKETING_VERSION = 1.0;
				PRODUCT_BUNDLE_IDENTIFIER = com.sudursugunushev.RickAndMorty;
				PRODUCT_NAME = "$(TARGET_NAME)";
				SWIFT_EMIT_LOC_STRINGS = YES;
				SWIFT_VERSION = 5.0;
				TARGETED_DEVICE_FAMILY = "1,2";
			};
			name = Debug;
		};
		478C64A32AFB6A2300944FEF /* Release */ = {
			isa = XCBuildConfiguration;
			buildSettings = {
				ASSETCATALOG_COMPILER_APPICON_NAME = AppIcon;
				ASSETCATALOG_COMPILER_GLOBAL_ACCENT_COLOR_NAME = AccentColor;
				CODE_SIGN_STYLE = Automatic;
				CURRENT_PROJECT_VERSION = 1;
				DEVELOPMENT_TEAM = 7V6GC93G8X;
				GENERATE_INFOPLIST_FILE = YES;
				INFOPLIST_FILE = RickAndMorty/Info.plist;
				INFOPLIST_KEY_UIApplicationSupportsIndirectInputEvents = YES;
				INFOPLIST_KEY_UILaunchStoryboardName = LaunchScreen;
				INFOPLIST_KEY_UISupportedInterfaceOrientations_iPad = "UIInterfaceOrientationPortrait UIInterfaceOrientationPortraitUpsideDown UIInterfaceOrientationLandscapeLeft UIInterfaceOrientationLandscapeRight";
				INFOPLIST_KEY_UISupportedInterfaceOrientations_iPhone = "UIInterfaceOrientationPortrait UIInterfaceOrientationLandscapeLeft UIInterfaceOrientationLandscapeRight";
				LD_RUNPATH_SEARCH_PATHS = (
					"$(inherited)",
					"@executable_path/Frameworks",
				);
				MARKETING_VERSION = 1.0;
				PRODUCT_BUNDLE_IDENTIFIER = com.sudursugunushev.RickAndMorty;
				PRODUCT_NAME = "$(TARGET_NAME)";
				SWIFT_EMIT_LOC_STRINGS = YES;
				SWIFT_VERSION = 5.0;
				TARGETED_DEVICE_FAMILY = "1,2";
			};
			name = Release;
		};
/* End XCBuildConfiguration section */

/* Begin XCConfigurationList section */
		478C64882AFB6A1E00944FEF /* Build configuration list for PBXProject "RickAndMorty" */ = {
			isa = XCConfigurationList;
			buildConfigurations = (
				478C649F2AFB6A2300944FEF /* Debug */,
				478C64A02AFB6A2300944FEF /* Release */,
			);
			defaultConfigurationIsVisible = 0;
			defaultConfigurationName = Release;
		};
		478C64A12AFB6A2300944FEF /* Build configuration list for PBXNativeTarget "RickAndMorty" */ = {
			isa = XCConfigurationList;
			buildConfigurations = (
				478C64A22AFB6A2300944FEF /* Debug */,
				478C64A32AFB6A2300944FEF /* Release */,
			);
			defaultConfigurationIsVisible = 0;
			defaultConfigurationName = Release;
		};
/* End XCConfigurationList section */
	};
	rootObject = 478C64852AFB6A1E00944FEF /* Project object */;
}
